
Microsoft Visual Studio Solution File, Format Version 12.00
# Visual Studio Version 16
VisualStudioVersion = 16.0.31129.286
MinimumVisualStudioVersion = 10.0.40219.1
Project("{FAE04EC0-301F-11D3-BF4B-00C04F79EFBC}") = "OCRBot", "OCRBot\OCRBot.csproj", "{5C93107F-09A7-4599-A8C0-8C70727B0791}"
EndProject
Global
	GlobalSection(SolutionConfigurationPlatforms) = preSolution
		Debug|Any CPU = Debug|Any CPU
		Release|Any CPU = Release|Any CPU
	EndGlobalSection
	GlobalSection(ProjectConfigurationPlatforms) = postSolution
		{5C93107F-09A7-4599-A8C0-8C70727B0791}.Debug|Any CPU.ActiveCfg = Debug|Any CPU
		{5C93107F-09A7-4599-A8C0-8C70727B0791}.Debug|Any CPU.Build.0 = Debug|Any CPU
		{5C93107F-09A7-4599-A8C0-8C70727B0791}.Release|Any CPU.ActiveCfg = Release|Any CPU
		{5C93107F-09A7-4599-A8C0-8C70727B0791}.Release|Any CPU.Build.0 = Release|Any CPU
	EndGlobalSection
	GlobalSection(SolutionProperties) = preSolution
		HideSolutionNode = FALSE
	EndGlobalSection
	GlobalSection(ExtensibilityGlobals) = postSolution
		SolutionGuid = {06D9458F-0367-4B12-8F30-08E596FF4D7F}
	EndGlobalSection
EndGlobal
